<?xml version="1.0" encoding="utf-8"?>
<Project ToolsVersion="4.0" xmlns="http://schemas.microsoft.com/developer/msbuild/2003">
  <ItemGroup>
    <Filter Include="Platform">
      <UniqueIdentifier>{2AC788B4-1694-E3BF-3FAD-D1672BD9184E}</UniqueIdentifier>
    </Filter>
    <Filter Include="Platform\Windows">
      <UniqueIdentifier>{64FBD71A-50F4-F66C-7926-DCF1657ED678}</UniqueIdentifier>
    </Filter>
    <Filter Include="antech">
      <UniqueIdentifier>{F8472BF2-E4E9-55C8-CDA4-691CB9E5DC18}</UniqueIdentifier>
    </Filter>
    <Filter Include="antech\Events">
      <UniqueIdentifier>{DC4C1161-480D-8D97-1148-D6147DC7D173}</UniqueIdentifier>
    </Filter>
  </ItemGroup>
  <ItemGroup>
    <ClInclude Include="src\Antech.h" />
    <ClInclude Include="src\Platform\Windows\WindowsWindow.h">
      <Filter>Platform\Windows</Filter>
    </ClInclude>
    <ClInclude Include="src\antech\Application.h">
      <Filter>antech</Filter>
    </ClInclude>
    <ClInclude Include="src\antech\Core.h">
      <Filter>antech</Filter>
    </ClInclude>
    <ClInclude Include="src\antech\EntryPoint.h">
      <Filter>antech</Filter>
    </ClInclude>
    <ClInclude Include="src\antech\Events\ApplicationEvent.h">
      <Filter>antech\Events</Filter>
    </ClInclude>
    <ClInclude Include="src\antech\Events\Event.h">
      <Filter>antech\Events</Filter>
    </ClInclude>
    <ClInclude Include="src\antech\Events\KeyEvent.h">
      <Filter>antech\Events</Filter>
    </ClInclude>
    <ClInclude Include="src\antech\Events\MouseEvent.h">
      <Filter>antech\Events</Filter>
    </ClInclude>
    <ClInclude Include="src\antech\Layer.h">
      <Filter>antech</Filter>
    </ClInclude>
    <ClInclude Include="src\antech\LayerStack.h">
      <Filter>antech</Filter>
    </ClInclude>
    <ClInclude Include="src\antech\Log.h">
      <Filter>antech</Filter>
    </ClInclude>
    <ClInclude Include="src\antech\Window.h">
      <Filter>antech</Filter>
    </ClInclude>
    <ClInclude Include="src\hzpch.h" />
  </ItemGroup>
  <ItemGroup>
    <ClCompile Include="src\Platform\Windows\WindowsWindow.cpp">
      <Filter>Platform\Windows</Filter>
    </ClCompile>
    <ClCompile Include="src\antech\Application.cpp">
      <Filter>antech</Filter>
    </ClCompile>
    <ClCompile Include="src\antech\Layer.cpp">
      <Filter>antech</Filter>
    </ClCompile>
    <ClCompile Include="src\antech\LayerStack.cpp">
      <Filter>antech</Filter>
    </ClCompile>
    <ClCompile Include="src\antech\Log.cpp">
      <Filter>antech</Filter>
    </ClCompile>
    <ClCompile Include="src\hzpch.cpp" />
  </ItemGroup>
</Project>